
Microsoft Visual Studio Solution File, Format Version 12.00
# Visual Studio Version 17
VisualStudioVersion = 17.9.34902.65
MinimumVisualStudioVersion = 10.0.40219.1
Project("{FAE04EC0-301F-11D3-BF4B-00C04F79EFBC}") = "TaskManagement", "TaskManagement.csproj", "{C39EBCDF-F7C1-44AD-81A1-3C9BC56AAA84}"
EndProject
Project("{FAE04EC0-301F-11D3-BF4B-00C04F79EFBC}") = "TaskManagement.Tests", "TaskManagement.Tests\TaskManagement.Tests.csproj", "{23A5033C-1F62-4296-9286-ED91C12DE608}"
EndProject
Global
	GlobalSection(SolutionConfigurationPlatforms) = preSolution
		Debug|Any CPU = Debug|Any CPU
		Release|Any CPU = Release|Any CPU
	EndGlobalSection
	GlobalSection(ProjectConfigurationPlatforms) = postSolution
		{C39EBCDF-F7C1-44AD-81A1-3C9BC56AAA84}.Debug|Any CPU.ActiveCfg = Debug|Any CPU
		{C39EBCDF-F7C1-44AD-81A1-3C9BC56AAA84}.Debug|Any CPU.Build.0 = Debug|Any CPU
		{C39EBCDF-F7C1-44AD-81A1-3C9BC56AAA84}.Release|Any CPU.ActiveCfg = Release|Any CPU
		{C39EBCDF-F7C1-44AD-81A1-3C9BC56AAA84}.Release|Any CPU.Build.0 = Release|Any CPU
		{23A5033C-1F62-4296-9286-ED91C12DE608}.Debug|Any CPU.ActiveCfg = Debug|Any CPU
		{23A5033C-1F62-4296-9286-ED91C12DE608}.Debug|Any CPU.Build.0 = Debug|Any CPU
		{23A5033C-1F62-4296-9286-ED91C12DE608}.Release|Any CPU.ActiveCfg = Release|Any CPU
		{23A5033C-1F62-4296-9286-ED91C12DE608}.Release|Any CPU.Build.0 = Release|Any CPU
	EndGlobalSection
	GlobalSection(SolutionProperties) = preSolution
		HideSolutionNode = FALSE
	EndGlobalSection
	GlobalSection(ExtensibilityGlobals) = postSolution
		SolutionGuid = {029E845F-DD36-48DB-A855-0309EBE7D5C5}
	EndGlobalSection
EndGlobal
